# This file is automatically @generated by Cargo.
# It is not intended for manual editing.
version = 4

[[package]]
name = "reverts-ir"
version = "0.1.0"

[[package]]
name = "reverts-observe"
version = "0.1.0"

[[package]]
name = "reverts-output-core"
version = "0.1.0"
dependencies = [
 "reverts-ir",
 "reverts-observe",
]
